
Microsoft Visual Studio Solution File, Format Version 12.00
# Visual Studio Version 17
VisualStudioVersion = 17.0.32126.317
MinimumVisualStudioVersion = 10.0.40219.1
Project("{FAE04EC0-301F-11D3-BF4B-00C04F79EFBC}") = "day 4 handon practice", "day 4 handon practice\day 4 handon practice.csproj", "{5398F87D-6B34-4FC8-84E5-0627FA6F90B1}"
EndProject
Global
	GlobalSection(SolutionConfigurationPlatforms) = preSolution
		Debug|Any CPU = Debug|Any CPU
		Release|Any CPU = Release|Any CPU
	EndGlobalSection
	GlobalSection(ProjectConfigurationPlatforms) = postSolution
		{5398F87D-6B34-4FC8-84E5-0627FA6F90B1}.Debug|Any CPU.ActiveCfg = Debug|Any CPU
		{5398F87D-6B34-4FC8-84E5-0627FA6F90B1}.Debug|Any CPU.Build.0 = Debug|Any CPU
		{5398F87D-6B34-4FC8-84E5-0627FA6F90B1}.Release|Any CPU.ActiveCfg = Release|Any CPU
		{5398F87D-6B34-4FC8-84E5-0627FA6F90B1}.Release|Any CPU.Build.0 = Release|Any CPU
	EndGlobalSection
	GlobalSection(SolutionProperties) = preSolution
		HideSolutionNode = FALSE
	EndGlobalSection
	GlobalSection(ExtensibilityGlobals) = postSolution
		SolutionGuid = {B9A1AF37-771A-47A4-8184-A92ABBE643DB}
	EndGlobalSection
EndGlobal
