
Microsoft Visual Studio Solution File, Format Version 12.00
# Visual Studio Version 16
VisualStudioVersion = 16.0.32413.511
MinimumVisualStudioVersion = 10.0.40219.1
Project("{FAE04EC0-301F-11D3-BF4B-00C04F79EFBC}") = "credit card (factory pattern)", "credit card (factory pattern)\credit card (factory pattern).csproj", "{BFC68B6F-F593-4DD6-BC46-44C66DCF869A}"
EndProject
Global
	GlobalSection(SolutionConfigurationPlatforms) = preSolution
		Debug|Any CPU = Debug|Any CPU
		Release|Any CPU = Release|Any CPU
	EndGlobalSection
	GlobalSection(ProjectConfigurationPlatforms) = postSolution
		{BFC68B6F-F593-4DD6-BC46-44C66DCF869A}.Debug|Any CPU.ActiveCfg = Debug|Any CPU
		{BFC68B6F-F593-4DD6-BC46-44C66DCF869A}.Debug|Any CPU.Build.0 = Debug|Any CPU
		{BFC68B6F-F593-4DD6-BC46-44C66DCF869A}.Release|Any CPU.ActiveCfg = Release|Any CPU
		{BFC68B6F-F593-4DD6-BC46-44C66DCF869A}.Release|Any CPU.Build.0 = Release|Any CPU
	EndGlobalSection
	GlobalSection(SolutionProperties) = preSolution
		HideSolutionNode = FALSE
	EndGlobalSection
	GlobalSection(ExtensibilityGlobals) = postSolution
		SolutionGuid = {AC0D731A-12DD-4A8A-8BB2-9A530DF8F8AE}
	EndGlobalSection
EndGlobal
